// !$*UTF8*$!
{
	archiveVersion = 1;
	classes = {
	};
	objectVersion = 50;
	objects = {

/* Begin PBXBuildFile section */
		0067E2A822728D5A00B0312C /* LiteralQuestionViewController.swift in Sources */ = {isa = PBXBuildFile; fileRef = 0067E2A422728D5A00B0312C /* LiteralQuestionViewController.swift */; };
		0067E2A922728D5A00B0312C /* QuestionsTableViewCell.swift in Sources */ = {isa = PBXBuildFile; fileRef = 0067E2A522728D5A00B0312C /* QuestionsTableViewCell.swift */; };
		0067E2AA22728D5A00B0312C /* QuestionsPopUpControllerViewController.swift in Sources */ = {isa = PBXBuildFile; fileRef = 0067E2A622728D5A00B0312C /* QuestionsPopUpControllerViewController.swift */; };
		0067E2AB22728D5A00B0312C /* ViewController.swift in Sources */ = {isa = PBXBuildFile; fileRef = 0067E2A722728D5A00B0312C /* ViewController.swift */; };
		0067E2AE227291C800B0312C /* LocationsStorage.swift in Sources */ = {isa = PBXBuildFile; fileRef = 0067E2AC227291C800B0312C /* LocationsStorage.swift */; };
		0067E2AF227291C800B0312C /* Location.swift in Sources */ = {isa = PBXBuildFile; fileRef = 0067E2AD227291C800B0312C /* Location.swift */; };
		0067E2B12272922900B0312C /* AppDelegate.swift in Sources */ = {isa = PBXBuildFile; fileRef = 0067E2B02272922900B0312C /* AppDelegate.swift */; };
		06DC7FA771FE30EB18598C2F /* Pods_iClass.framework in Frameworks */ = {isa = PBXBuildFile; fileRef = C30544F2791CEC085E51E606 /* Pods_iClass.framework */; };
		FF11F57E2259BE5A006EC8C9 /* Main.storyboard in Resources */ = {isa = PBXBuildFile; fileRef = FF11F57C2259BE5A006EC8C9 /* Main.storyboard */; };
		FF11F5802259BE5B006EC8C9 /* Assets.xcassets in Resources */ = {isa = PBXBuildFile; fileRef = FF11F57F2259BE5B006EC8C9 /* Assets.xcassets */; };
		FF11F5832259BE5B006EC8C9 /* LaunchScreen.storyboard in Resources */ = {isa = PBXBuildFile; fileRef = FF11F5812259BE5B006EC8C9 /* LaunchScreen.storyboard */; };
		FF23295E22696D2700EC05E9 /* AddUser.swift in Sources */ = {isa = PBXBuildFile; fileRef = FF23295D22696D2700EC05E9 /* AddUser.swift */; };
		FF23296022696DE900EC05E9 /* User.swift in Sources */ = {isa = PBXBuildFile; fileRef = FF23295F22696DE900EC05E9 /* User.swift */; };
		FF3A59A8226ED1640082F904 /* AddCourse.swift in Sources */ = {isa = PBXBuildFile; fileRef = FF3A59A7226ED1640082F904 /* AddCourse.swift */; };
		FF3A59AA226EF5730082F904 /* Course.swift in Sources */ = {isa = PBXBuildFile; fileRef = FF3A59A9226EF5730082F904 /* Course.swift */; };
		FF6A0BFE225AD0FA002E1E48 /* GoogleService-Info.plist in Resources */ = {isa = PBXBuildFile; fileRef = FF6A0BFD225AD0FA002E1E48 /* GoogleService-Info.plist */; };
		FF7C5E07227388F6001F43AB /* InitialViewController.swift in Sources */ = {isa = PBXBuildFile; fileRef = FF7C5E06227388F6001F43AB /* InitialViewController.swift */; };
		FF7C5E09227388FE001F43AB /* SignUpViewController.swift in Sources */ = {isa = PBXBuildFile; fileRef = FF7C5E08227388FE001F43AB /* SignUpViewController.swift */; };
		FF7C5E0B22738906001F43AB /* LoggedInViewController.swift in Sources */ = {isa = PBXBuildFile; fileRef = FF7C5E0A22738906001F43AB /* LoggedInViewController.swift */; };
/* End PBXBuildFile section */

/* Begin PBXFileReference section */
		0067E2A422728D5A00B0312C /* LiteralQuestionViewController.swift */ = {isa = PBXFileReference; fileEncoding = 4; lastKnownFileType = sourcecode.swift; path = LiteralQuestionViewController.swift; sourceTree = "<group>"; };
		0067E2A522728D5A00B0312C /* QuestionsTableViewCell.swift */ = {isa = PBXFileReference; fileEncoding = 4; lastKnownFileType = sourcecode.swift; path = QuestionsTableViewCell.swift; sourceTree = "<group>"; };
		0067E2A622728D5A00B0312C /* QuestionsPopUpControllerViewController.swift */ = {isa = PBXFileReference; fileEncoding = 4; lastKnownFileType = sourcecode.swift; path = QuestionsPopUpControllerViewController.swift; sourceTree = "<group>"; };
		0067E2A722728D5A00B0312C /* ViewController.swift */ = {isa = PBXFileReference; fileEncoding = 4; lastKnownFileType = sourcecode.swift; path = ViewController.swift; sourceTree = "<group>"; };
		0067E2AC227291C800B0312C /* LocationsStorage.swift */ = {isa = PBXFileReference; fileEncoding = 4; lastKnownFileType = sourcecode.swift; path = LocationsStorage.swift; sourceTree = "<group>"; };
		0067E2AD227291C800B0312C /* Location.swift */ = {isa = PBXFileReference; fileEncoding = 4; lastKnownFileType = sourcecode.swift; path = Location.swift; sourceTree = "<group>"; };
		0067E2B02272922900B0312C /* AppDelegate.swift */ = {isa = PBXFileReference; fileEncoding = 4; lastKnownFileType = sourcecode.swift; path = AppDelegate.swift; sourceTree = "<group>"; };
		48FE4CD375D2F617B9EDD500 /* Pods-iClass.debug.xcconfig */ = {isa = PBXFileReference; includeInIndex = 1; lastKnownFileType = text.xcconfig; name = "Pods-iClass.debug.xcconfig"; path = "Pods/Target Support Files/Pods-iClass/Pods-iClass.debug.xcconfig"; sourceTree = "<group>"; };
		6EAFFE4C5973490E7CFD8D9A /* Pods-iClass.release.xcconfig */ = {isa = PBXFileReference; includeInIndex = 1; lastKnownFileType = text.xcconfig; name = "Pods-iClass.release.xcconfig"; path = "Pods/Target Support Files/Pods-iClass/Pods-iClass.release.xcconfig"; sourceTree = "<group>"; };
		C30544F2791CEC085E51E606 /* Pods_iClass.framework */ = {isa = PBXFileReference; explicitFileType = wrapper.framework; includeInIndex = 0; path = Pods_iClass.framework; sourceTree = BUILT_PRODUCTS_DIR; };
		FF11F5752259BE5A006EC8C9 /* iClass.app */ = {isa = PBXFileReference; explicitFileType = wrapper.application; includeInIndex = 0; path = iClass.app; sourceTree = BUILT_PRODUCTS_DIR; };
		FF11F57D2259BE5A006EC8C9 /* Base */ = {isa = PBXFileReference; lastKnownFileType = file.storyboard; name = Base; path = Base.lproj/Main.storyboard; sourceTree = "<group>"; };
		FF11F57F2259BE5B006EC8C9 /* Assets.xcassets */ = {isa = PBXFileReference; lastKnownFileType = folder.assetcatalog; path = Assets.xcassets; sourceTree = "<group>"; };
		FF11F5822259BE5B006EC8C9 /* Base */ = {isa = PBXFileReference; lastKnownFileType = file.storyboard; name = Base; path = Base.lproj/LaunchScreen.storyboard; sourceTree = "<group>"; };
		FF11F5842259BE5B006EC8C9 /* Info.plist */ = {isa = PBXFileReference; lastKnownFileType = text.plist.xml; path = Info.plist; sourceTree = "<group>"; };
		FF23295D22696D2700EC05E9 /* AddUser.swift */ = {isa = PBXFileReference; lastKnownFileType = sourcecode.swift; path = AddUser.swift; sourceTree = "<group>"; };
		FF23295F22696DE900EC05E9 /* User.swift */ = {isa = PBXFileReference; lastKnownFileType = sourcecode.swift; path = User.swift; sourceTree = "<group>"; };
		FF3A59A7226ED1640082F904 /* AddCourse.swift */ = {isa = PBXFileReference; lastKnownFileType = sourcecode.swift; path = AddCourse.swift; sourceTree = "<group>"; };
		FF3A59A9226EF5730082F904 /* Course.swift */ = {isa = PBXFileReference; lastKnownFileType = sourcecode.swift; path = Course.swift; sourceTree = "<group>"; };
		FF6A0BFD225AD0FA002E1E48 /* GoogleService-Info.plist */ = {isa = PBXFileReference; fileEncoding = 4; lastKnownFileType = text.plist.xml; path = "GoogleService-Info.plist"; sourceTree = "<group>"; };
		FF7C5E06227388F6001F43AB /* InitialViewController.swift */ = {isa = PBXFileReference; fileEncoding = 4; lastKnownFileType = sourcecode.swift; path = InitialViewController.swift; sourceTree = "<group>"; };
		FF7C5E08227388FE001F43AB /* SignUpViewController.swift */ = {isa = PBXFileReference; fileEncoding = 4; lastKnownFileType = sourcecode.swift; path = SignUpViewController.swift; sourceTree = "<group>"; };
		FF7C5E0A22738906001F43AB /* LoggedInViewController.swift */ = {isa = PBXFileReference; fileEncoding = 4; lastKnownFileType = sourcecode.swift; path = LoggedInViewController.swift; sourceTree = "<group>"; };
/* End PBXFileReference section */

/* Begin PBXFrameworksBuildPhase section */
		FF11F5722259BE5A006EC8C9 /* Frameworks */ = {
			isa = PBXFrameworksBuildPhase;
			buildActionMask = 2147483647;
			files = (
				06DC7FA771FE30EB18598C2F /* Pods_iClass.framework in Frameworks */,
			);
			runOnlyForDeploymentPostprocessing = 0;
		};
/* End PBXFrameworksBuildPhase section */

/* Begin PBXGroup section */
		11802217CBB7BA0C60387074 /* Pods */ = {
			isa = PBXGroup;
			children = (
				48FE4CD375D2F617B9EDD500 /* Pods-iClass.debug.xcconfig */,
				6EAFFE4C5973490E7CFD8D9A /* Pods-iClass.release.xcconfig */,
			);
			name = Pods;
			sourceTree = "<group>";
		};
		B4303733AFE9A930D3BDF79A /* Frameworks */ = {
			isa = PBXGroup;
			children = (
				C30544F2791CEC085E51E606 /* Pods_iClass.framework */,
			);
			name = Frameworks;
			sourceTree = "<group>";
		};
		FF11F56C2259BE5A006EC8C9 = {
			isa = PBXGroup;
			children = (
				FF11F5772259BE5A006EC8C9 /* iClass */,
				FF11F5762259BE5A006EC8C9 /* Products */,
				11802217CBB7BA0C60387074 /* Pods */,
				B4303733AFE9A930D3BDF79A /* Frameworks */,
			);
			sourceTree = "<group>";
		};
		FF11F5762259BE5A006EC8C9 /* Products */ = {
			isa = PBXGroup;
			children = (
				FF11F5752259BE5A006EC8C9 /* iClass.app */,
			);
			name = Products;
			sourceTree = "<group>";
		};
		FF11F5772259BE5A006EC8C9 /* iClass */ = {
			isa = PBXGroup;
			children = (
				FF23295C22696CF700EC05E9 /* Model */,
				FF23295B22696CE300EC05E9 /* Controller */,
				FF11F57C2259BE5A006EC8C9 /* Main.storyboard */,
				0067E2B02272922900B0312C /* AppDelegate.swift */,
				FF11F57F2259BE5B006EC8C9 /* Assets.xcassets */,
				FF11F5812259BE5B006EC8C9 /* LaunchScreen.storyboard */,
				FF11F5842259BE5B006EC8C9 /* Info.plist */,
				FF6A0BFD225AD0FA002E1E48 /* GoogleService-Info.plist */,
			);
			path = iClass;
			sourceTree = "<group>";
		};
		FF23295B22696CE300EC05E9 /* Controller */ = {
			isa = PBXGroup;
			children = (
				FF7C5E06227388F6001F43AB /* InitialViewController.swift */,
				FF7C5E08227388FE001F43AB /* SignUpViewController.swift */,
				FF7C5E0A22738906001F43AB /* LoggedInViewController.swift */,
				0067E2A422728D5A00B0312C /* LiteralQuestionViewController.swift */,
				0067E2A622728D5A00B0312C /* QuestionsPopUpControllerViewController.swift */,
				0067E2A522728D5A00B0312C /* QuestionsTableViewCell.swift */,
				0067E2A722728D5A00B0312C /* ViewController.swift */,
				0067E2AD227291C800B0312C /* Location.swift */,
				0067E2AC227291C800B0312C /* LocationsStorage.swift */,
			);
			path = Controller;
			sourceTree = "<group>";
		};
		FF23295C22696CF700EC05E9 /* Model */ = {
			isa = PBXGroup;
			children = (
				FF23295D22696D2700EC05E9 /* AddUser.swift */,
				FF3A59A7226ED1640082F904 /* AddCourse.swift */,
				FF23295F22696DE900EC05E9 /* User.swift */,
				FF3A59A9226EF5730082F904 /* Course.swift */,
			);
			path = Model;
			sourceTree = "<group>";
		};
/* End PBXGroup section */

/* Begin PBXNativeTarget section */
		FF11F5742259BE5A006EC8C9 /* iClass */ = {
			isa = PBXNativeTarget;
			buildConfigurationList = FF11F5872259BE5B006EC8C9 /* Build configuration list for PBXNativeTarget "iClass" */;
			buildPhases = (
				B7C2E29D2F91A5A59CAB95D5 /* [CP] Check Pods Manifest.lock */,
				FF11F5712259BE5A006EC8C9 /* Sources */,
				FF11F5722259BE5A006EC8C9 /* Frameworks */,
				FF11F5732259BE5A006EC8C9 /* Resources */,
				2542CB88DAAECAF5EF564EB7 /* [CP] Embed Pods Frameworks */,
			);
			buildRules = (
			);
			dependencies = (
			);
			name = iClass;
			productName = iClass;
			productReference = FF11F5752259BE5A006EC8C9 /* iClass.app */;
			productType = "com.apple.product-type.application";
		};
/* End PBXNativeTarget section */

/* Begin PBXProject section */
		FF11F56D2259BE5A006EC8C9 /* Project object */ = {
			isa = PBXProject;
			attributes = {
				LastSwiftUpdateCheck = 1020;
				LastUpgradeCheck = 1020;
				ORGANIZATIONNAME = "Ritik Batra";
				TargetAttributes = {
					FF11F5742259BE5A006EC8C9 = {
						CreatedOnToolsVersion = 10.2;
					};
				};
			};
			buildConfigurationList = FF11F5702259BE5A006EC8C9 /* Build configuration list for PBXProject "iClass" */;
			compatibilityVersion = "Xcode 9.3";
			developmentRegion = en;
			hasScannedForEncodings = 0;
			knownRegions = (
				en,
				Base,
			);
			mainGroup = FF11F56C2259BE5A006EC8C9;
			productRefGroup = FF11F5762259BE5A006EC8C9 /* Products */;
			projectDirPath = "";
			projectRoot = "";
			targets = (
				FF11F5742259BE5A006EC8C9 /* iClass */,
			);
		};
/* End PBXProject section */

/* Begin PBXResourcesBuildPhase section */
		FF11F5732259BE5A006EC8C9 /* Resources */ = {
			isa = PBXResourcesBuildPhase;
			buildActionMask = 2147483647;
			files = (
				FF11F5832259BE5B006EC8C9 /* LaunchScreen.storyboard in Resources */,
				FF6A0BFE225AD0FA002E1E48 /* GoogleService-Info.plist in Resources */,
				FF11F5802259BE5B006EC8C9 /* Assets.xcassets in Resources */,
				FF11F57E2259BE5A006EC8C9 /* Main.storyboard in Resources */,
			);
			runOnlyForDeploymentPostprocessing = 0;
		};
/* End PBXResourcesBuildPhase section */

/* Begin PBXShellScriptBuildPhase section */
		2542CB88DAAECAF5EF564EB7 /* [CP] Embed Pods Frameworks */ = {
			isa = PBXShellScriptBuildPhase;
			buildActionMask = 2147483647;
			files = (
			);
			inputFileListPaths = (
			);
			inputPaths = (
				"${SRCROOT}/Pods/Target Support Files/Pods-iClass/Pods-iClass-frameworks.sh",
				"${BUILT_PRODUCTS_DIR}/BoringSSL-GRPC/openssl_grpc.framework",
				"${BUILT_PRODUCTS_DIR}/ChameleonFramework/ChameleonFramework.framework",
				"${BUILT_PRODUCTS_DIR}/GTMSessionFetcher/GTMSessionFetcher.framework",
				"${BUILT_PRODUCTS_DIR}/GoogleUtilities/GoogleUtilities.framework",
				"${BUILT_PRODUCTS_DIR}/Protobuf/Protobuf.framework",
				"${BUILT_PRODUCTS_DIR}/gRPC-C++/grpcpp.framework",
				"${BUILT_PRODUCTS_DIR}/gRPC-Core/grpc.framework",
				"${BUILT_PRODUCTS_DIR}/leveldb-library/leveldb.framework",
				"${BUILT_PRODUCTS_DIR}/nanopb/nanopb.framework",
			);
			name = "[CP] Embed Pods Frameworks";
			outputFileListPaths = (
			);
			outputPaths = (
				"${TARGET_BUILD_DIR}/${FRAMEWORKS_FOLDER_PATH}/openssl_grpc.framework",
				"${TARGET_BUILD_DIR}/${FRAMEWORKS_FOLDER_PATH}/ChameleonFramework.framework",
				"${TARGET_BUILD_DIR}/${FRAMEWORKS_FOLDER_PATH}/GTMSessionFetcher.framework",
				"${TARGET_BUILD_DIR}/${FRAMEWORKS_FOLDER_PATH}/GoogleUtilities.framework",
				"${TARGET_BUILD_DIR}/${FRAMEWORKS_FOLDER_PATH}/Protobuf.framework",
				"${TARGET_BUILD_DIR}/${FRAMEWORKS_FOLDER_PATH}/grpcpp.framework",
				"${TARGET_BUILD_DIR}/${FRAMEWORKS_FOLDER_PATH}/grpc.framework",
				"${TARGET_BUILD_DIR}/${FRAMEWORKS_FOLDER_PATH}/leveldb.framework",
				"${TARGET_BUILD_DIR}/${FRAMEWORKS_FOLDER_PATH}/nanopb.framework",
			);
			runOnlyForDeploymentPostprocessing = 0;
			shellPath = /bin/sh;
			shellScript = "\"${SRCROOT}/Pods/Target Support Files/Pods-iClass/Pods-iClass-frameworks.sh\"\n";
			showEnvVarsInLog = 0;
		};
		B7C2E29D2F91A5A59CAB95D5 /* [CP] Check Pods Manifest.lock */ = {
			isa = PBXShellScriptBuildPhase;
			buildActionMask = 2147483647;
			files = (
			);
			inputFileListPaths = (
			);
			inputPaths = (
				"${PODS_PODFILE_DIR_PATH}/Podfile.lock",
				"${PODS_ROOT}/Manifest.lock",
			);
			name = "[CP] Check Pods Manifest.lock";
			outputFileListPaths = (
			);
			outputPaths = (
				"$(DERIVED_FILE_DIR)/Pods-iClass-checkManifestLockResult.txt",
			);
			runOnlyForDeploymentPostprocessing = 0;
			shellPath = /bin/sh;
			shellScript = "diff \"${PODS_PODFILE_DIR_PATH}/Podfile.lock\" \"${PODS_ROOT}/Manifest.lock\" > /dev/null\nif [ $? != 0 ] ; then\n    # print error to STDERR\n    echo \"error: The sandbox is not in sync with the Podfile.lock. Run 'pod install' or update your CocoaPods installation.\" >&2\n    exit 1\nfi\n# This output is used by Xcode 'outputs' to avoid re-running this script phase.\necho \"SUCCESS\" > \"${SCRIPT_OUTPUT_FILE_0}\"\n";
			showEnvVarsInLog = 0;
		};
/* End PBXShellScriptBuildPhase section */

/* Begin PBXSourcesBuildPhase section */
		FF11F5712259BE5A006EC8C9 /* Sources */ = {
			isa = PBXSourcesBuildPhase;
			buildActionMask = 2147483647;
			files = (
				FF7C5E07227388F6001F43AB /* InitialViewController.swift in Sources */,
				FF23295E22696D2700EC05E9 /* AddUser.swift in Sources */,
				FF3A59AA226EF5730082F904 /* Course.swift in Sources */,
				0067E2A822728D5A00B0312C /* LiteralQuestionViewController.swift in Sources */,
				0067E2B12272922900B0312C /* AppDelegate.swift in Sources */,
				FF7C5E0B22738906001F43AB /* LoggedInViewController.swift in Sources */,
				0067E2AA22728D5A00B0312C /* QuestionsPopUpControllerViewController.swift in Sources */,
				FF23296022696DE900EC05E9 /* User.swift in Sources */,
				FF7C5E09227388FE001F43AB /* SignUpViewController.swift in Sources */,
				0067E2AF227291C800B0312C /* Location.swift in Sources */,
				0067E2AB22728D5A00B0312C /* ViewController.swift in Sources */,
				FF3A59A8226ED1640082F904 /* AddCourse.swift in Sources */,
				0067E2A922728D5A00B0312C /* QuestionsTableViewCell.swift in Sources */,
				0067E2AE227291C800B0312C /* LocationsStorage.swift in Sources */,
			);
			runOnlyForDeploymentPostprocessing = 0;
		};
/* End PBXSourcesBuildPhase section */

/* Begin PBXVariantGroup section */
		FF11F57C2259BE5A006EC8C9 /* Main.storyboard */ = {
			isa = PBXVariantGroup;
			children = (
				FF11F57D2259BE5A006EC8C9 /* Base */,
			);
			name = Main.storyboard;
			sourceTree = "<group>";
		};
		FF11F5812259BE5B006EC8C9 /* LaunchScreen.storyboard */ = {
			isa = PBXVariantGroup;
			children = (
				FF11F5822259BE5B006EC8C9 /* Base */,
			);
			name = LaunchScreen.storyboard;
			sourceTree = "<group>";
		};
/* End PBXVariantGroup section */

/* Begin XCBuildConfiguration section */
		FF11F5852259BE5B006EC8C9 /* Debug */ = {
			isa = XCBuildConfiguration;
			buildSettings = {
				ALWAYS_SEARCH_USER_PATHS = NO;
				CLANG_ANALYZER_NONNULL = YES;
				CLANG_ANALYZER_NUMBER_OBJECT_CONVERSION = YES_AGGRESSIVE;
				CLANG_CXX_LANGUAGE_STANDARD = "gnu++14";
				CLANG_CXX_LIBRARY = "libc++";
				CLANG_ENABLE_MODULES = YES;
				CLANG_ENABLE_OBJC_ARC = YES;
				CLANG_ENABLE_OBJC_WEAK = YES;
				CLANG_WARN_BLOCK_CAPTURE_AUTORELEASING = YES;
				CLANG_WARN_BOOL_CONVERSION = YES;
				CLANG_WARN_COMMA = YES;
				CLANG_WARN_CONSTANT_CONVERSION = YES;
				CLANG_WARN_DEPRECATED_OBJC_IMPLEMENTATIONS = YES;
				CLANG_WARN_DIRECT_OBJC_ISA_USAGE = YES_ERROR;
				CLANG_WARN_DOCUMENTATION_COMMENTS = YES;
				CLANG_WARN_EMPTY_BODY = YES;
				CLANG_WARN_ENUM_CONVERSION = YES;
				CLANG_WARN_INFINITE_RECURSION = YES;
				CLANG_WARN_INT_CONVERSION = YES;
				CLANG_WARN_NON_LITERAL_NULL_CONVERSION = YES;
				CLANG_WARN_OBJC_IMPLICIT_RETAIN_SELF = YES;
				CLANG_WARN_OBJC_LITERAL_CONVERSION = YES;
				CLANG_WARN_OBJC_ROOT_CLASS = YES_ERROR;
				CLANG_WARN_RANGE_LOOP_ANALYSIS = YES;
				CLANG_WARN_STRICT_PROTOTYPES = YES;
				CLANG_WARN_SUSPICIOUS_MOVE = YES;
				CLANG_WARN_UNGUARDED_AVAILABILITY = YES_AGGRESSIVE;
				CLANG_WARN_UNREACHABLE_CODE = YES;
				CLANG_WARN__DUPLICATE_METHOD_MATCH = YES;
				CODE_SIGN_IDENTITY = "iPhone Developer";
				COPY_PHASE_STRIP = NO;
				DEBUG_INFORMATION_FORMAT = dwarf;
				ENABLE_STRICT_OBJC_MSGSEND = YES;
				ENABLE_TESTABILITY = YES;
				GCC_C_LANGUAGE_STANDARD = gnu11;
				GCC_DYNAMIC_NO_PIC = NO;
				GCC_NO_COMMON_BLOCKS = YES;
				GCC_OPTIMIZATION_LEVEL = 0;
				GCC_PREPROCESSOR_DEFINITIONS = (
					"DEBUG=1",
					"$(inherited)",
				);
				GCC_WARN_64_TO_32_BIT_CONVERSION = YES;
				GCC_WARN_ABOUT_RETURN_TYPE = YES_ERROR;
				GCC_WARN_UNDECLARED_SELECTOR = YES;
				GCC_WARN_UNINITIALIZED_AUTOS = YES_AGGRESSIVE;
				GCC_WARN_UNUSED_FUNCTION = YES;
				GCC_WARN_UNUSED_VARIABLE = YES;
				IPHONEOS_DEPLOYMENT_TARGET = 12.2;
				MTL_ENABLE_DEBUG_INFO = INCLUDE_SOURCE;
				MTL_FAST_MATH = YES;
				ONLY_ACTIVE_ARCH = YES;
				SDKROOT = iphoneos;
				SWIFT_ACTIVE_COMPILATION_CONDITIONS = DEBUG;
				SWIFT_OPTIMIZATION_LEVEL = "-Onone";
			};
			name = Debug;
		};
		FF11F5862259BE5B006EC8C9 /* Release */ = {
			isa = XCBuildConfiguration;
			buildSettings = {
				ALWAYS_SEARCH_USER_PATHS = NO;
				CLANG_ANALYZER_NONNULL = YES;
				CLANG_ANALYZER_NUMBER_OBJECT_CONVERSION = YES_AGGRESSIVE;
				CLANG_CXX_LANGUAGE_STANDARD = "gnu++14";
				CLANG_CXX_LIBRARY = "libc++";
				CLANG_ENABLE_MODULES = YES;
				CLANG_ENABLE_OBJC_ARC = YES;
				CLANG_ENABLE_OBJC_WEAK = YES;
				CLANG_WARN_BLOCK_CAPTURE_AUTORELEASING = YES;
				CLANG_WARN_BOOL_CONVERSION = YES;
				CLANG_WARN_COMMA = YES;
				CLANG_WARN_CONSTANT_CONVERSION = YES;
				CLANG_WARN_DEPRECATED_OBJC_IMPLEMENTATIONS = YES;
				CLANG_WARN_DIRECT_OBJC_ISA_USAGE = YES_ERROR;
				CLANG_WARN_DOCUMENTATION_COMMENTS = YES;
				CLANG_WARN_EMPTY_BODY = YES;
				CLANG_WARN_ENUM_CONVERSION = YES;
				CLANG_WARN_INFINITE_RECURSION = YES;
				CLANG_WARN_INT_CONVERSION = YES;
				CLANG_WARN_NON_LITERAL_NULL_CONVERSION = YES;
				CLANG_WARN_OBJC_IMPLICIT_RETAIN_SELF = YES;
				CLANG_WARN_OBJC_LITERAL_CONVERSION = YES;
				CLANG_WARN_OBJC_ROOT_CLASS = YES_ERROR;
				CLANG_WARN_RANGE_LOOP_ANALYSIS = YES;
				CLANG_WARN_STRICT_PROTOTYPES = YES;
				CLANG_WARN_SUSPICIOUS_MOVE = YES;
				CLANG_WARN_UNGUARDED_AVAILABILITY = YES_AGGRESSIVE;
				CLANG_WARN_UNREACHABLE_CODE = YES;
				CLANG_WARN__DUPLICATE_METHOD_MATCH = YES;
				CODE_SIGN_IDENTITY = "iPhone Developer";
				COPY_PHASE_STRIP = NO;
				DEBUG_INFORMATION_FORMAT = "dwarf-with-dsym";
				ENABLE_NS_ASSERTIONS = NO;
				ENABLE_STRICT_OBJC_MSGSEND = YES;
				GCC_C_LANGUAGE_STANDARD = gnu11;
				GCC_NO_COMMON_BLOCKS = YES;
				GCC_WARN_64_TO_32_BIT_CONVERSION = YES;
				GCC_WARN_ABOUT_RETURN_TYPE = YES_ERROR;
				GCC_WARN_UNDECLARED_SELECTOR = YES;
				GCC_WARN_UNINITIALIZED_AUTOS = YES_AGGRESSIVE;
				GCC_WARN_UNUSED_FUNCTION = YES;
				GCC_WARN_UNUSED_VARIABLE = YES;
				IPHONEOS_DEPLOYMENT_TARGET = 12.2;
				MTL_ENABLE_DEBUG_INFO = NO;
				MTL_FAST_MATH = YES;
				SDKROOT = iphoneos;
				SWIFT_COMPILATION_MODE = wholemodule;
				SWIFT_OPTIMIZATION_LEVEL = "-O";
				VALIDATE_PRODUCT = YES;
			};
			name = Release;
		};
		FF11F5882259BE5B006EC8C9 /* Debug */ = {
			isa = XCBuildConfiguration;
			baseConfigurationReference = 48FE4CD375D2F617B9EDD500 /* Pods-iClass.debug.xcconfig */;
			buildSettings = {
				ASSETCATALOG_COMPILER_APPICON_NAME = AppIcon;
				CODE_SIGN_STYLE = Automatic;
				DEVELOPMENT_TEAM = NL32TPU5TK;
				INFOPLIST_FILE = iClass/Info.plist;
				IPHONEOS_DEPLOYMENT_TARGET = 12.2;
				LD_RUNPATH_SEARCH_PATHS = (
					"$(inherited)",
					"@executable_path/Frameworks",
				);
				PRODUCT_BUNDLE_IDENTIFIER = com.iOS.iClass;
				PRODUCT_NAME = "$(TARGET_NAME)";
				SWIFT_VERSION = 5.0;
				TARGETED_DEVICE_FAMILY = "1,2";
			};
			name = Debug;
		};
		FF11F5892259BE5B006EC8C9 /* Release */ = {
			isa = XCBuildConfiguration;
			baseConfigurationReference = 6EAFFE4C5973490E7CFD8D9A /* Pods-iClass.release.xcconfig */;
			buildSettings = {
				ASSETCATALOG_COMPILER_APPICON_NAME = AppIcon;
				CODE_SIGN_STYLE = Automatic;
				DEVELOPMENT_TEAM = NL32TPU5TK;
				INFOPLIST_FILE = iClass/Info.plist;
				IPHONEOS_DEPLOYMENT_TARGET = 12.2;
				LD_RUNPATH_SEARCH_PATHS = (
					"$(inherited)",
					"@executable_path/Frameworks",
				);
				PRODUCT_BUNDLE_IDENTIFIER = com.iOS.iClass;
				PRODUCT_NAME = "$(TARGET_NAME)";
				SWIFT_VERSION = 5.0;
				TARGETED_DEVICE_FAMILY = "1,2";
			};
			name = Release;
		};
/* End XCBuildConfiguration section */

/* Begin XCConfigurationList section */
		FF11F5702259BE5A006EC8C9 /* Build configuration list for PBXProject "iClass" */ = {
			isa = XCConfigurationList;
			buildConfigurations = (
				FF11F5852259BE5B006EC8C9 /* Debug */,
				FF11F5862259BE5B006EC8C9 /* Release */,
			);
			defaultConfigurationIsVisible = 0;
			defaultConfigurationName = Release;
		};
		FF11F5872259BE5B006EC8C9 /* Build configuration list for PBXNativeTarget "iClass" */ = {
			isa = XCConfigurationList;
			buildConfigurations = (
				FF11F5882259BE5B006EC8C9 /* Debug */,
				FF11F5892259BE5B006EC8C9 /* Release */,
			);
			defaultConfigurationIsVisible = 0;
			defaultConfigurationName = Release;
		};
/* End XCConfigurationList section */
	};
	rootObject = FF11F56D2259BE5A006EC8C9 /* Project object */;
}
